
Microsoft Visual Studio Solution File, Format Version 12.00
# Visual Studio Version 17
VisualStudioVersion = 17.10.35027.167
MinimumVisualStudioVersion = 10.0.40219.1
Project("{FAE04EC0-301F-11D3-BF4B-00C04F79EFBC}") = "AbstractMethodCreationalDesignPattern", "AbstractMethodCreationalDesignPattern\AbstractMethodCreationalDesignPattern.csproj", "{16A03A64-11E6-448D-915D-4D63415E4D8F}"
EndProject
Global
	GlobalSection(SolutionConfigurationPlatforms) = preSolution
		Debug|Any CPU = Debug|Any CPU
		Release|Any CPU = Release|Any CPU
	EndGlobalSection
	GlobalSection(ProjectConfigurationPlatforms) = postSolution
		{16A03A64-11E6-448D-915D-4D63415E4D8F}.Debug|Any CPU.ActiveCfg = Debug|Any CPU
		{16A03A64-11E6-448D-915D-4D63415E4D8F}.Debug|Any CPU.Build.0 = Debug|Any CPU
		{16A03A64-11E6-448D-915D-4D63415E4D8F}.Release|Any CPU.ActiveCfg = Release|Any CPU
		{16A03A64-11E6-448D-915D-4D63415E4D8F}.Release|Any CPU.Build.0 = Release|Any CPU
	EndGlobalSection
	GlobalSection(SolutionProperties) = preSolution
		HideSolutionNode = FALSE
	EndGlobalSection
	GlobalSection(ExtensibilityGlobals) = postSolution
		SolutionGuid = {C9D86274-4993-445F-9010-99CBFA05D7EE}
	EndGlobalSection
EndGlobal
